
Microsoft Visual Studio Solution File, Format Version 12.00
# Visual Studio Version 17
VisualStudioVersion = 17.5.33502.453
MinimumVisualStudioVersion = 10.0.40219.1
Project("{FAE04EC0-301F-11D3-BF4B-00C04F79EFBC}") = "Vista", "Vista\Vista.csproj", "{28453435-7712-4F20-B163-AD109742A644}"
EndProject
Project("{FAE04EC0-301F-11D3-BF4B-00C04F79EFBC}") = "Dominio", "Dominio\Dominio.csproj", "{F411D161-17F9-4646-837E-9C0718447382}"
EndProject
Project("{FAE04EC0-301F-11D3-BF4B-00C04F79EFBC}") = "Negocio", "Negocio\Negocio.csproj", "{9EA6AD60-F8A5-4D4D-AE9B-1B72E2ADFCE9}"
EndProject
Global
	GlobalSection(SolutionConfigurationPlatforms) = preSolution
		Debug|Any CPU = Debug|Any CPU
		Release|Any CPU = Release|Any CPU
	EndGlobalSection
	GlobalSection(ProjectConfigurationPlatforms) = postSolution
		{28453435-7712-4F20-B163-AD109742A644}.Debug|Any CPU.ActiveCfg = Debug|Any CPU
		{28453435-7712-4F20-B163-AD109742A644}.Debug|Any CPU.Build.0 = Debug|Any CPU
		{28453435-7712-4F20-B163-AD109742A644}.Release|Any CPU.ActiveCfg = Release|Any CPU
		{28453435-7712-4F20-B163-AD109742A644}.Release|Any CPU.Build.0 = Release|Any CPU
		{F411D161-17F9-4646-837E-9C0718447382}.Debug|Any CPU.ActiveCfg = Debug|Any CPU
		{F411D161-17F9-4646-837E-9C0718447382}.Debug|Any CPU.Build.0 = Debug|Any CPU
		{F411D161-17F9-4646-837E-9C0718447382}.Release|Any CPU.ActiveCfg = Release|Any CPU
		{F411D161-17F9-4646-837E-9C0718447382}.Release|Any CPU.Build.0 = Release|Any CPU
		{9EA6AD60-F8A5-4D4D-AE9B-1B72E2ADFCE9}.Debug|Any CPU.ActiveCfg = Debug|Any CPU
		{9EA6AD60-F8A5-4D4D-AE9B-1B72E2ADFCE9}.Debug|Any CPU.Build.0 = Debug|Any CPU
		{9EA6AD60-F8A5-4D4D-AE9B-1B72E2ADFCE9}.Release|Any CPU.ActiveCfg = Release|Any CPU
		{9EA6AD60-F8A5-4D4D-AE9B-1B72E2ADFCE9}.Release|Any CPU.Build.0 = Release|Any CPU
	EndGlobalSection
	GlobalSection(SolutionProperties) = preSolution
		HideSolutionNode = FALSE
	EndGlobalSection
	GlobalSection(ExtensibilityGlobals) = postSolution
		SolutionGuid = {0C534C72-8E00-41DE-BF65-A76E1B274AB7}
	EndGlobalSection
EndGlobal
